version = 1
revision = 2
requires-python = ">=3.14"

[[package]]
name = "asgiref"
version = "3.9.0"
source = { registry = "https://pypi.org/simple" }
sdist = { url = "https://files.pythonhosted.org/packages/6a/68/fb4fb78c9eac59d5e819108a57664737f855c5a8e9b76aec1738bb137f9e/asgiref-3.9.0.tar.gz", hash = "sha256:3dd2556d0f08c4fab8a010d9ab05ef8c34565f6bf32381d17505f7ca5b273767", size = 36772, upload-time = "2025-07-03T13:25:01.491Z" }
wheels = [
    { url = "https://files.pythonhosted.org/packages/3d/f9/76c9f4d4985b5a642926162e2d41fe6019b1fa929cfa58abb7d2dc9041e5/asgiref-3.9.0-py3-none-any.whl", hash = "sha256:06a41250a0114d2b6f6a2cb3ab962147d355b53d1de15eebc34a9d04a7b79981", size = 23788, upload-time = "2025-07-03T13:24:59.115Z" },
]

[[package]]
name = "beautifulsoup4"
version = "4.13.4"
source = { registry = "https://pypi.org/simple" }
dependencies = [
    { name = "soupsieve" },
    { name = "typing-extensions" },
]
sdist = { url = "https://files.pythonhosted.org/packages/d8/e4/0c4c39e18fd76d6a628d4dd8da40543d136ce2d1752bd6eeeab0791f4d6b/beautifulsoup4-4.13.4.tar.gz", hash = "sha256:dbb3c4e1ceae6aefebdaf2423247260cd062430a410e38c66f2baa50a8437195", size = 621067, upload-time = "2025-04-15T17:05:13.836Z" }
wheels = [
    { url = "https://files.pythonhosted.org/packages/50/cd/30110dc0ffcf3b131156077b90e9f60ed75711223f306da4db08eff8403b/beautifulsoup4-4.13.4-py3-none-any.whl", hash = "sha256:9bbbb14bfde9d79f38b8cd5f8c7c85f4b8f2523190ebed90e950a8dea4cb1c4b", size = 187285, upload-time = "2025-04-15T17:05:12.221Z" },
]

[[package]]
name = "bleach"
version = "5.0.1"
source = { registry = "https://pypi.org/simple" }
dependencies = [
    { name = "six" },
    { name = "webencodings" },
]
sdist = { url = "https://files.pythonhosted.org/packages/c2/5d/d5d45a38163ede3342d6ac1ca01b5d387329daadf534a25718f9a9ba818c/bleach-5.0.1.tar.gz", hash = "sha256:0d03255c47eb9bd2f26aa9bb7f2107732e7e8fe195ca2f64709fcf3b0a4a085c", size = 199642, upload-time = "2022-06-27T14:40:08.177Z" }
wheels = [
    { url = "https://files.pythonhosted.org/packages/d4/87/508104336a2bc0c4cfdbdceedc0f44dc72da3abc0460c57e323ddd1b3257/bleach-5.0.1-py3-none-any.whl", hash = "sha256:085f7f33c15bd408dd9b17a4ad77c577db66d76203e5984b1bd59baeee948b2a", size = 160897, upload-time = "2022-06-27T14:39:57.276Z" },
]

[[package]]
name = "bs4"
version = "0.0.2"
source = { registry = "https://pypi.org/simple" }
dependencies = [
    { name = "beautifulsoup4" },
]
sdist = { url = "https://files.pythonhosted.org/packages/c9/aa/4acaf814ff901145da37332e05bb510452ebed97bc9602695059dd46ef39/bs4-0.0.2.tar.gz", hash = "sha256:a48685c58f50fe127722417bae83fe6badf500d54b55f7e39ffe43b798653925", size = 698, upload-time = "2024-01-17T18:15:47.371Z" }
wheels = [
    { url = "https://files.pythonhosted.org/packages/51/bb/bf7aab772a159614954d84aa832c129624ba6c32faa559dfb200a534e50b/bs4-0.0.2-py2.py3-none-any.whl", hash = "sha256:abf8742c0805ef7f662dce4b51cca104cffe52b835238afc169142ab9b3fbccc", size = 1189, upload-time = "2024-01-17T18:15:48.613Z" },
]

[[package]]
name = "cachetools"
version = "5.5.2"
source = { registry = "https://pypi.org/simple" }
sdist = { url = "https://files.pythonhosted.org/packages/6c/81/3747dad6b14fa2cf53fcf10548cf5aea6913e96fab41a3c198676f8948a5/cachetools-5.5.2.tar.gz", hash = "sha256:1a661caa9175d26759571b2e19580f9d6393969e5dfca11fdb1f947a23e640d4", size = 28380, upload-time = "2025-02-20T21:01:19.524Z" }
wheels = [
    { url = "https://files.pythonhosted.org/packages/72/76/20fa66124dbe6be5cafeb312ece67de6b61dd91a0247d1ea13db4ebb33c2/cachetools-5.5.2-py3-none-any.whl", hash = "sha256:d26a22bcc62eb95c3beabd9f1ee5e820d3d2704fe2967cbe350e20c8ffcd3f0a", size = 10080, upload-time = "2025-02-20T21:01:16.647Z" },
]

[[package]]
name = "certifi"
version = "2025.6.15"
source = { registry = "https://pypi.org/simple" }
sdist = { url = "https://files.pythonhosted.org/packages/73/f7/f14b46d4bcd21092d7d3ccef689615220d8a08fb25e564b65d20738e672e/certifi-2025.6.15.tar.gz", hash = "sha256:d747aa5a8b9bbbb1bb8c22bb13e22bd1f18e9796defa16bab421f7f7a317323b", size = 158753, upload-time = "2025-06-15T02:45:51.329Z" }
wheels = [
    { url = "https://files.pythonhosted.org/packages/84/ae/320161bd181fc06471eed047ecce67b693fd7515b16d495d8932db763426/certifi-2025.6.15-py3-none-any.whl", hash = "sha256:2e0c7ce7cb5d8f8634ca55d2ba7e6ec2689a2fd6537d8dec1296a477a4910057", size = 157650, upload-time = "2025-06-15T02:45:49.977Z" },
]

[[package]]
name = "charset-normalizer"
version = "3.4.2"
source = { registry = "https://pypi.org/simple" }
sdist = { url = "https://files.pythonhosted.org/packages/e4/33/89c2ced2b67d1c2a61c19c6751aa8902d46ce3dacb23600a283619f5a12d/charset_normalizer-3.4.2.tar.gz", hash = "sha256:5baececa9ecba31eff645232d59845c07aa030f0c81ee70184a90d35099a0e63", size = 126367, upload-time = "2025-05-02T08:34:42.01Z" }
wheels = [
    { url = "https://files.pythonhosted.org/packages/20/94/c5790835a017658cbfabd07f3bfb549140c3ac458cfc196323996b10095a/charset_normalizer-3.4.2-py3-none-any.whl", hash = "sha256:7f56930ab0abd1c45cd15be65cc741c28b1c9a34876ce8c17a2fa107810c0af0", size = 52626, upload-time = "2025-05-02T08:34:40.053Z" },
]

[[package]]
name = "django"
version = "4.2.22"
source = { registry = "https://pypi.org/simple" }
dependencies = [
    { name = "asgiref" },
    { name = "sqlparse" },
    { name = "tzdata", marker = "sys_platform == 'win32'" },
]
sdist = { url = "https://files.pythonhosted.org/packages/56/9e/37b909fa1c5e46ddb42ec37ec600a575d25dc47a6de86a1fce782a4a44ad/django-4.2.22.tar.gz", hash = "sha256:e726764b094407c313adba5e2e866ab88f00436cad85c540a5bf76dc0a912c9e", size = 10427236, upload-time = "2025-06-04T13:53:41.332Z" }
wheels = [
    { url = "https://files.pythonhosted.org/packages/dc/17/6afcbac3575992b22fda1ae7fffcdff15ff24d1aff69b3d36876bc0a47eb/django-4.2.22-py3-none-any.whl", hash = "sha256:0a32773b5b7f4e774a155ee253ab24a841fed7e9e9061db08bf2ce9711da404d", size = 7993908, upload-time = "2025-06-04T13:53:33.923Z" },
]

[[package]]
name = "django-appconf"
version = "1.1.0"
source = { registry = "https://pypi.org/simple" }
dependencies = [
    { name = "django" },
]
sdist = { url = "https://files.pythonhosted.org/packages/61/a9/dcf95ff3fa0620b6818fc02276fbbb8926e7f286039b6d015e56e8b7af39/django-appconf-1.1.0.tar.gz", hash = "sha256:9fcead372f82a0f21ee189434e7ae9c007cbb29af1118c18251720f3d06243e4", size = 15986, upload-time = "2025-02-13T16:09:40.258Z" }
wheels = [
    { url = "https://files.pythonhosted.org/packages/62/9e/f3a899991e4aaae4b69c1aa187ba4a32e34742475c91eb13010ee7fbe9db/django_appconf-1.1.0-py3-none-any.whl", hash = "sha256:7abd5a163ff57557f216e84d3ce9dac36c37ffce1ab9a044d3d53b7c943dd10f", size = 6389, upload-time = "2025-02-13T16:09:39.133Z" },
]

[[package]]
name = "django-compressor"
version = "4.4"
source = { registry = "https://pypi.org/simple" }
dependencies = [
    { name = "django-appconf" },
    { name = "rcssmin" },
    { name = "rjsmin" },
]
sdist = { url = "https://files.pythonhosted.org/packages/1c/7d/8b878b082d7aca3f3d76da1743754d2a812571d0ee2cccbb6ee543f05843/django_compressor-4.4.tar.gz", hash = "sha256:1b0acc9cfba9f69bc38e7c41da9b0d70a20bc95587b643ffef9609cf46064f67", size = 422254, upload-time = "2023-06-27T22:13:19.961Z" }
wheels = [
    { url = "https://files.pythonhosted.org/packages/a0/b5/3c000d6d7b8ffa8831d2ef5bcbbe5780de172024e226ec89391853d4b759/django_compressor-4.4-py2.py3-none-any.whl", hash = "sha256:6e2b0c0becb9607f5099c2546a824c5b84a6918a34bc37a8a622ffa250313596", size = 148954, upload-time = "2023-06-27T22:13:17.91Z" },
]

[[package]]
name = "django-storages"
version = "1.14"
source = { registry = "https://pypi.org/simple" }
dependencies = [
    { name = "django" },
]
sdist = { url = "https://files.pythonhosted.org/packages/6f/8b/45d3ff28fc49f5eb31d0e438298d83827a806ee45e4d844a61208614d24e/django-storages-1.14.tar.gz", hash = "sha256:6c97e5faad829c923a1262206281742c484d76d43b332a196ddcc242b909c551", size = 107917, upload-time = "2023-09-04T22:59:34.03Z" }
wheels = [
    { url = "https://files.pythonhosted.org/packages/88/85/60161a20e259bd92597e8d7fc16b07e09cec9400c3ab73346e8b4bf6ca05/django_storages-1.14-py3-none-any.whl", hash = "sha256:11280a883b13812df548f3cfe9c10280afc0d4727c8babdee369a75e71158f16", size = 46531, upload-time = "2023-09-04T22:59:31.712Z" },
]

[[package]]
name = "easy-thumbnails"
version = "2.8.5"
source = { registry = "https://pypi.org/simple" }
dependencies = [
    { name = "django" },
    { name = "pillow" },
]
sdist = { url = "https://files.pythonhosted.org/packages/3f/4b/45e27ec895ecacdb6517c2a63153b0250a4cbf77cc9af51914ea42bafac6/easy-thumbnails-2.8.5.tar.gz", hash = "sha256:7e4e912609fc9b60b3a1fef6557ec15ddf9c4f946267a92e6920dfd4dd765e35", size = 77401, upload-time = "2023-01-09T10:57:21.038Z" }
wheels = [
    { url = "https://files.pythonhosted.org/packages/33/ec/a0a379a7038eb2f5f66df5707348414e17f9290e4f477dffb26a26f15724/easy_thumbnails-2.8.5-py3-none-any.whl", hash = "sha256:97f5a5278d8b6c1f5b1b7473f3737d29b18f5c1159cbdf0ab28674fdac2f8c87", size = 75424, upload-time = "2023-01-09T10:57:19.166Z" },
]

[[package]]
name = "google-api-core"
version = "2.25.1"
source = { registry = "https://pypi.org/simple" }
dependencies = [
    { name = "google-auth" },
    { name = "googleapis-common-protos" },
    { name = "proto-plus" },
    { name = "protobuf" },
    { name = "requests" },
]
sdist = { url = "https://files.pythonhosted.org/packages/dc/21/e9d043e88222317afdbdb567165fdbc3b0aad90064c7e0c9eb0ad9955ad8/google_api_core-2.25.1.tar.gz", hash = "sha256:d2aaa0b13c78c61cb3f4282c464c046e45fbd75755683c9c525e6e8f7ed0a5e8", size = 165443, upload-time = "2025-06-12T20:52:20.439Z" }
wheels = [
    { url = "https://files.pythonhosted.org/packages/14/4b/ead00905132820b623732b175d66354e9d3e69fcf2a5dcdab780664e7896/google_api_core-2.25.1-py3-none-any.whl", hash = "sha256:8a2a56c1fef82987a524371f99f3bd0143702fecc670c72e600c1cda6bf8dbb7", size = 160807, upload-time = "2025-06-12T20:52:19.334Z" },
]

[[package]]
name = "google-auth"
version = "2.40.3"
source = { registry = "https://pypi.org/simple" }
dependencies = [
    { name = "cachetools" },
    { name = "pyasn1-modules" },
    { name = "rsa" },
]
sdist = { url = "https://files.pythonhosted.org/packages/9e/9b/e92ef23b84fa10a64ce4831390b7a4c2e53c0132568d99d4ae61d04c8855/google_auth-2.40.3.tar.gz", hash = "sha256:500c3a29adedeb36ea9cf24b8d10858e152f2412e3ca37829b3fa18e33d63b77", size = 281029, upload-time = "2025-06-04T18:04:57.577Z" }
wheels = [
    { url = "https://files.pythonhosted.org/packages/17/63/b19553b658a1692443c62bd07e5868adaa0ad746a0751ba62c59568cd45b/google_auth-2.40.3-py2.py3-none-any.whl", hash = "sha256:1370d4593e86213563547f97a92752fc658456fe4514c809544f330fed45a7ca", size = 216137, upload-time = "2025-06-04T18:04:55.573Z" },
]

[[package]]
name = "google-cloud-core"
version = "2.4.3"
source = { registry = "https://pypi.org/simple" }
dependencies = [
    { name = "google-api-core" },
    { name = "google-auth" },
]
sdist = { url = "https://files.pythonhosted.org/packages/d6/b8/2b53838d2acd6ec6168fd284a990c76695e84c65deee79c9f3a4276f6b4f/google_cloud_core-2.4.3.tar.gz", hash = "sha256:1fab62d7102844b278fe6dead3af32408b1df3eb06f5c7e8634cbd40edc4da53", size = 35861, upload-time = "2025-03-10T21:05:38.948Z" }
wheels = [
    { url = "https://files.pythonhosted.org/packages/40/86/bda7241a8da2d28a754aad2ba0f6776e35b67e37c36ae0c45d49370f1014/google_cloud_core-2.4.3-py2.py3-none-any.whl", hash = "sha256:5130f9f4c14b4fafdff75c79448f9495cfade0d8775facf1b09c3bf67e027f6e", size = 29348, upload-time = "2025-03-10T21:05:37.785Z" },
]

[[package]]
name = "google-cloud-storage"
version = "2.7.0"
source = { registry = "https://pypi.org/simple" }
dependencies = [
    { name = "google-api-core" },
    { name = "google-auth" },
    { name = "google-cloud-core" },
    { name = "google-resumable-media" },
    { name = "requests" },
]
sdist = { url = "https://files.pythonhosted.org/packages/9f/9c/8cd4da7df57284832c3853aa565de278ca6d33a47ebe6722628488dc01ca/google-cloud-storage-2.7.0.tar.gz", hash = "sha256:1ac2d58d2d693cb1341ebc48659a3527be778d9e2d8989697a2746025928ff17", size = 5490914, upload-time = "2022-12-07T01:20:08.544Z" }
wheels = [
    { url = "https://files.pythonhosted.org/packages/6e/23/3add67cdd1f2116eb4425b0d4f3154117b8a79eaaf3022edc23a71d82cc2/google_cloud_storage-2.7.0-py2.py3-none-any.whl", hash = "sha256:f78a63525e72dd46406b255bbdf858a22c43d6bad8dc5bdeb7851a42967e95a1", size = 110221, upload-time = "2022-12-07T01:20:06.295Z" },
]

[[package]]
name = "google-crc32c"
version = "1.7.1"
source = { registry = "https://pypi.org/simple" }
sdist = { url = "https://files.pythonhosted.org/packages/19/ae/87802e6d9f9d69adfaedfcfd599266bf386a54d0be058b532d04c794f76d/google_crc32c-1.7.1.tar.gz", hash = "sha256:2bff2305f98846f3e825dbeec9ee406f89da7962accdb29356e4eadc251bd472", size = 14495, upload-time = "2025-03-26T14:29:13.32Z" }

[[package]]
name = "google-resumable-media"
version = "2.7.2"
source = { registry = "https://pypi.org/simple" }
dependencies = [
    { name = "google-crc32c" },
]
sdist = { url = "https://files.pythonhosted.org/packages/58/5a/0efdc02665dca14e0837b62c8a1a93132c264bd02054a15abb2218afe0ae/google_resumable_media-2.7.2.tar.gz", hash = "sha256:5280aed4629f2b60b847b0d42f9857fd4935c11af266744df33d8074cae92fe0", size = 2163099, upload-time = "2024-08-07T22:20:38.555Z" }
wheels = [
    { url = "https://files.pythonhosted.org/packages/82/35/b8d3baf8c46695858cb9d8835a53baa1eeb9906ddaf2f728a5f5b640fd1e/google_resumable_media-2.7.2-py2.py3-none-any.whl", hash = "sha256:3ce7551e9fe6d99e9a126101d2536612bb73486721951e9562fee0f90c6ababa", size = 81251, upload-time = "2024-08-07T22:20:36.409Z" },
]

[[package]]
name = "googleapis-common-protos"
version = "1.70.0"
source = { registry = "https://pypi.org/simple" }
dependencies = [
    { name = "protobuf" },
]
sdist = { url = "https://files.pythonhosted.org/packages/39/24/33db22342cf4a2ea27c9955e6713140fedd51e8b141b5ce5260897020f1a/googleapis_common_protos-1.70.0.tar.gz", hash = "sha256:0e1b44e0ea153e6594f9f394fef15193a68aaaea2d843f83e2742717ca753257", size = 145903, upload-time = "2025-04-14T10:17:02.924Z" }
wheels = [
    { url = "https://files.pythonhosted.org/packages/86/f1/62a193f0227cf15a920390abe675f386dec35f7ae3ffe6da582d3ade42c7/googleapis_common_protos-1.70.0-py3-none-any.whl", hash = "sha256:b8bfcca8c25a2bb253e0e0b0adaf8c00773e5e6af6fd92397576680b807e0fd8", size = 294530, upload-time = "2025-04-14T10:17:01.271Z" },
]

[[package]]
name = "idna"
version = "3.10"
source = { registry = "https://pypi.org/simple" }
sdist = { url = "https://files.pythonhosted.org/packages/f1/70/7703c29685631f5a7590aa73f1f1d3fa9a380e654b86af429e0934a32f7d/idna-3.10.tar.gz", hash = "sha256:12f65c9b470abda6dc35cf8e63cc574b1c52b11df2c86030af0ac09b01b13ea9", size = 190490, upload-time = "2024-09-15T18:07:39.745Z" }
wheels = [
    { url = "https://files.pythonhosted.org/packages/76/c6/c88e154df9c4e1a2a66ccf0005a88dfb2650c1dffb6f5ce603dfbd452ce3/idna-3.10-py3-none-any.whl", hash = "sha256:946d195a0d259cbba61165e88e65941f16e9b36ea6ddb97f00452bae8b1287d3", size = 70442, upload-time = "2024-09-15T18:07:37.964Z" },
]

[[package]]
name = "markdown"
version = "3.2.2"
source = { registry = "https://pypi.org/simple" }
sdist = { url = "https://files.pythonhosted.org/packages/44/30/cb4555416609a8f75525e34cbacfc721aa5b0044809968b2cf553fd879c7/Markdown-3.2.2.tar.gz", hash = "sha256:1fafe3f1ecabfb514a5285fca634a53c1b32a81cb0feb154264d55bf2ff22c17", size = 299658, upload-time = "2020-05-08T17:24:38.435Z" }
wheels = [
    { url = "https://files.pythonhosted.org/packages/a4/63/eaec2bd025ab48c754b55e8819af0f6a69e2b1e187611dd40cbbe101ee7f/Markdown-3.2.2-py3-none-any.whl", hash = "sha256:c467cd6233885534bf0fe96e62e3cf46cfc1605112356c4f9981512b8174de59", size = 88957, upload-time = "2020-05-08T17:24:36.816Z" },
]

[[package]]
name = "markdown2"
version = "2.5.3"
source = { registry = "https://pypi.org/simple" }
sdist = { url = "https://files.pythonhosted.org/packages/44/52/d7dcc6284d59edb8301b8400435fbb4926a9b0f13a12b5cbaf3a4a54bb7b/markdown2-2.5.3.tar.gz", hash = "sha256:4d502953a4633408b0ab3ec503c5d6984d1b14307e32b325ec7d16ea57524895", size = 141676, upload-time = "2025-01-24T21:13:55.044Z" }
wheels = [
    { url = "https://files.pythonhosted.org/packages/84/37/0a13c83ccf5365b8e08ea572dfbc04b8cb87cadd359b2451a567f5248878/markdown2-2.5.3-py3-none-any.whl", hash = "sha256:a8ebb7e84b8519c37bf7382b3db600f1798a22c245bfd754a1f87ca8d7ea63b3", size = 48550, upload-time = "2025-01-24T21:13:49.937Z" },
]

[[package]]
name = "pillow"
version = "11.3.0"
source = { registry = "https://pypi.org/simple" }
sdist = { url = "https://files.pythonhosted.org/packages/f3/0d/d0d6dea55cd152ce3d6767bb38a8fc10e33796ba4ba210cbab9354b6d238/pillow-11.3.0.tar.gz", hash = "sha256:3828ee7586cd0b2091b6209e5ad53e20d0649bbe87164a459d0676e035e8f523", size = 47113069, upload-time = "2025-07-01T09:16:30.666Z" }
wheels = [
    { url = "https://files.pythonhosted.org/packages/73/f4/04905af42837292ed86cb1b1dabe03dce1edc008ef14c473c5c7e1443c5d/pillow-11.3.0-cp314-cp314-macosx_10_13_x86_64.whl", hash = "sha256:d9da3df5f9ea2a89b81bb6087177fb1f4d1c7146d583a3fe5c672c0d94e55e12", size = 5278520, upload-time = "2025-07-01T09:15:17.429Z" },
    { url = "https://files.pythonhosted.org/packages/41/b0/33d79e377a336247df6348a54e6d2a2b85d644ca202555e3faa0cf811ecc/pillow-11.3.0-cp314-cp314-macosx_11_0_arm64.whl", hash = "sha256:0b275ff9b04df7b640c59ec5a3cb113eefd3795a8df80bac69646ef699c6981a", size = 4686116, upload-time = "2025-07-01T09:15:19.423Z" },
    { url = "https://files.pythonhosted.org/packages/49/2d/ed8bc0ab219ae8768f529597d9509d184fe8a6c4741a6864fea334d25f3f/pillow-11.3.0-cp314-cp314-manylinux2014_aarch64.manylinux_2_17_aarch64.whl", hash = "sha256:0743841cabd3dba6a83f38a92672cccbd69af56e3e91777b0ee7f4dba4385632", size = 5864597, upload-time = "2025-07-03T13:10:38.404Z" },
    { url = "https://files.pythonhosted.org/packages/b5/3d/b932bb4225c80b58dfadaca9d42d08d0b7064d2d1791b6a237f87f661834/pillow-11.3.0-cp314-cp314-manylinux2014_x86_64.manylinux_2_17_x86_64.whl", hash = "sha256:2465a69cf967b8b49ee1b96d76718cd98c4e925414ead59fdf75cf0fd07df673", size = 7638246, upload-time = "2025-07-03T13:10:44.987Z" },
    { url = "https://files.pythonhosted.org/packages/09/b5/0487044b7c096f1b48f0d7ad416472c02e0e4bf6919541b111efd3cae690/pillow-11.3.0-cp314-cp314-manylinux_2_27_aarch64.manylinux_2_28_aarch64.whl", hash = "sha256:41742638139424703b4d01665b807c6468e23e699e8e90cffefe291c5832b027", size = 5973336, upload-time = "2025-07-01T09:15:21.237Z" },
    { url = "https://files.pythonhosted.org/packages/a8/2d/524f9318f6cbfcc79fbc004801ea6b607ec3f843977652fdee4857a7568b/pillow-11.3.0-cp314-cp314-manylinux_2_27_x86_64.manylinux_2_28_x86_64.whl", hash = "sha256:93efb0b4de7e340d99057415c749175e24c8864302369e05914682ba642e5d77", size = 6642699, upload-time = "2025-07-01T09:15:23.186Z" },
    { url = "https://files.pythonhosted.org/packages/6f/d2/a9a4f280c6aefedce1e8f615baaa5474e0701d86dd6f1dede66726462bbd/pillow-11.3.0-cp314-cp314-musllinux_1_2_aarch64.whl", hash = "sha256:7966e38dcd0fa11ca390aed7c6f20454443581d758242023cf36fcb319b1a874", size = 6083789, upload-time = "2025-07-01T09:15:25.1Z" },
    { url = "https://files.pythonhosted.org/packages/fe/54/86b0cd9dbb683a9d5e960b66c7379e821a19be4ac5810e2e5a715c09a0c0/pillow-11.3.0-cp314-cp314-musllinux_1_2_x86_64.whl", hash = "sha256:98a9afa7b9007c67ed84c57c9e0ad86a6000da96eaa638e4f8abe5b65ff83f0a", size = 6720386, upload-time = "2025-07-01T09:15:27.378Z" },
    { url = "https://files.pythonhosted.org/packages/e7/95/88efcaf384c3588e24259c4203b909cbe3e3c2d887af9e938c2022c9dd48/pillow-11.3.0-cp314-cp314-win32.whl", hash = "sha256:02a723e6bf909e7cea0dac1b0e0310be9d7650cd66222a5f1c571455c0a45214", size = 6370911, upload-time = "2025-07-01T09:15:29.294Z" },
    { url = "https://files.pythonhosted.org/packages/2e/cc/934e5820850ec5eb107e7b1a72dd278140731c669f396110ebc326f2a503/pillow-11.3.0-cp314-cp314-win_amd64.whl", hash = "sha256:a418486160228f64dd9e9efcd132679b7a02a5f22c982c78b6fc7dab3fefb635", size = 7117383, upload-time = "2025-07-01T09:15:31.128Z" },
    { url = "https://files.pythonhosted.org/packages/d6/e9/9c0a616a71da2a5d163aa37405e8aced9a906d574b4a214bede134e731bc/pillow-11.3.0-cp314-cp314-win_arm64.whl", hash = "sha256:155658efb5e044669c08896c0c44231c5e9abcaadbc5cd3648df2f7c0b96b9a6", size = 2511385, upload-time = "2025-07-01T09:15:33.328Z" },
    { url = "https://files.pythonhosted.org/packages/1a/33/c88376898aff369658b225262cd4f2659b13e8178e7534df9e6e1fa289f6/pillow-11.3.0-cp314-cp314t-macosx_10_13_x86_64.whl", hash = "sha256:59a03cdf019efbfeeed910bf79c7c93255c3d54bc45898ac2a4140071b02b4ae", size = 5281129, upload-time = "2025-07-01T09:15:35.194Z" },
    { url = "https://files.pythonhosted.org/packages/1f/70/d376247fb36f1844b42910911c83a02d5544ebd2a8bad9efcc0f707ea774/pillow-11.3.0-cp314-cp314t-macosx_11_0_arm64.whl", hash = "sha256:f8a5827f84d973d8636e9dc5764af4f0cf2318d26744b3d902931701b0d46653", size = 4689580, upload-time = "2025-07-01T09:15:37.114Z" },
    { url = "https://files.pythonhosted.org/packages/eb/1c/537e930496149fbac69efd2fc4329035bbe2e5475b4165439e3be9cb183b/pillow-11.3.0-cp314-cp314t-manylinux2014_aarch64.manylinux_2_17_aarch64.whl", hash = "sha256:ee92f2fd10f4adc4b43d07ec5e779932b4eb3dbfbc34790ada5a6669bc095aa6", size = 5902860, upload-time = "2025-07-03T13:10:50.248Z" },
    { url = "https://files.pythonhosted.org/packages/bd/57/80f53264954dcefeebcf9dae6e3eb1daea1b488f0be8b8fef12f79a3eb10/pillow-11.3.0-cp314-cp314t-manylinux2014_x86_64.manylinux_2_17_x86_64.whl", hash = "sha256:c96d333dcf42d01f47b37e0979b6bd73ec91eae18614864622d9b87bbd5bbf36", size = 7670694, upload-time = "2025-07-03T13:10:56.432Z" },
    { url = "https://files.pythonhosted.org/packages/70/ff/4727d3b71a8578b4587d9c276e90efad2d6fe0335fd76742a6da08132e8c/pillow-11.3.0-cp314-cp314t-manylinux_2_27_aarch64.manylinux_2_28_aarch64.whl", hash = "sha256:4c96f993ab8c98460cd0c001447bff6194403e8b1d7e149ade5f00594918128b", size = 6005888, upload-time = "2025-07-01T09:15:39.436Z" },
    { url = "https://files.pythonhosted.org/packages/05/ae/716592277934f85d3be51d7256f3636672d7b1abfafdc42cf3f8cbd4b4c8/pillow-11.3.0-cp314-cp314t-manylinux_2_27_x86_64.manylinux_2_28_x86_64.whl", hash = "sha256:41342b64afeba938edb034d122b2dda5db2139b9a4af999729ba8818e0056477", size = 6670330, upload-time = "2025-07-01T09:15:41.269Z" },
    { url = "https://files.pythonhosted.org/packages/e7/bb/7fe6cddcc8827b01b1a9766f5fdeb7418680744f9082035bdbabecf1d57f/pillow-11.3.0-cp314-cp314t-musllinux_1_2_aarch64.whl", hash = "sha256:068d9c39a2d1b358eb9f245ce7ab1b5c3246c7c8c7d9ba58cfa5b43146c06e50", size = 6114089, upload-time = "2025-07-01T09:15:43.13Z" },
    { url = "https://files.pythonhosted.org/packages/8b/f5/06bfaa444c8e80f1a8e4bff98da9c83b37b5be3b1deaa43d27a0db37ef84/pillow-11.3.0-cp314-cp314t-musllinux_1_2_x86_64.whl", hash = "sha256:a1bc6ba083b145187f648b667e05a2534ecc4b9f2784c2cbe3089e44868f2b9b", size = 6748206, upload-time = "2025-07-01T09:15:44.937Z" },
    { url = "https://files.pythonhosted.org/packages/f0/77/bc6f92a3e8e6e46c0ca78abfffec0037845800ea38c73483760362804c41/pillow-11.3.0-cp314-cp314t-win32.whl", hash = "sha256:118ca10c0d60b06d006be10a501fd6bbdfef559251ed31b794668ed569c87e12", size = 6377370, upload-time = "2025-07-01T09:15:46.673Z" },
    { url = "https://files.pythonhosted.org/packages/4a/82/3a721f7d69dca802befb8af08b7c79ebcab461007ce1c18bd91a5d5896f9/pillow-11.3.0-cp314-cp314t-win_amd64.whl", hash = "sha256:8924748b688aa210d79883357d102cd64690e56b923a186f35a82cbc10f997db", size = 7121500, upload-time = "2025-07-01T09:15:48.512Z" },
    { url = "https://files.pythonhosted.org/packages/89/c7/5572fa4a3f45740eaab6ae86fcdf7195b55beac1371ac8c619d880cfe948/pillow-11.3.0-cp314-cp314t-win_arm64.whl", hash = "sha256:79ea0d14d3ebad43ec77ad5272e6ff9bba5b679ef73375ea760261207fa8e0aa", size = 2512835, upload-time = "2025-07-01T09:15:50.399Z" },
]

[[package]]
name = "pillow-avif-plugin"
version = "1.5.5"
source = { registry = "https://pypi.org/simple" }
sdist = { url = "https://files.pythonhosted.org/packages/10/45/c779c020c0972a771778544acd1a1ee0bce83e51f4d2f5f1bda5d53bd373/pillow_avif_plugin-1.5.5.tar.gz", hash = "sha256:e97956a62fc4f252e2a54644312839e194ec09b693f2f7b4d28c44cd747baf9d", size = 20660, upload-time = "2026-01-22T20:33:47.11Z" }
wheels = [
    { url = "https://files.pythonhosted.org/packages/c1/d2/abe74424802cbdbe3fda1aa3aa251c6863a8f8e16c481737b1f885cd21a0/pillow_avif_plugin-1.5.5-cp314-cp314-macosx_10_15_x86_64.whl", hash = "sha256:6c39a5abe3316551329c998ea14b24034f0e8a150c10b590121367a807e47c5e", size = 5097835, upload-time = "2026-01-22T20:32:48.184Z" },
    { url = "https://files.pythonhosted.org/packages/b8/f5/1bd31217ecf533f874a2767caa67534371bb22b716d94dd5e888dddac6af/pillow_avif_plugin-1.5.5-cp314-cp314-macosx_11_0_arm64.whl", hash = "sha256:2026acc9697b64adaa328b7e8504b579d30e45f46656953a8421aafa7b6f9b33", size = 3817665, upload-time = "2026-01-22T20:32:49.781Z" },
    { url = "https://files.pythonhosted.org/packages/85/f2/5af680b42114a0a361df37c828ba9455e2699084b4a074bf89bf1005909c/pillow_avif_plugin-1.5.5-cp314-cp314-manylinux2014_aarch64.manylinux_2_17_aarch64.whl", hash = "sha256:7524b9d0757a1ff4ed1337188d690b68949e3f521e02246b1469d49449294080", size = 4045282, upload-time = "2026-01-22T20:32:51.028Z" },
    { url = "https://files.pythonhosted.org/packages/d6/10/4bacc223306fad6b8823f15d0561ef6e267653a3015c7806e1d2a3c2a858/pillow_avif_plugin-1.5.5-cp314-cp314-manylinux2014_x86_64.manylinux_2_17_x86_64.whl", hash = "sha256:705ddd136f03b681f5be28e72798204c957658c240d2a874d8656efecdf82b75", size = 7687078, upload-time = "2026-01-22T20:32:52.303Z" },
    { url = "https://files.pythonhosted.org/packages/13/f2/797f0631f21b5fab96b18479f1398cc3e177cfde5b97ffc76d4f07aa4953/pillow_avif_plugin-1.5.5-cp314-cp314-manylinux_2_28_aarch64.whl", hash = "sha256:7d3e56a596421a3af7970cf1a64767dc9fc76dc7b364b36919eb75b8b5ec5fcd", size = 4059618, upload-time = "2026-01-22T20:32:53.673Z" },
    { url = "https://files.pythonhosted.org/packages/d2/5a/f67fd5cae4e51173c51483f84b878af336556d14e7c6e71421341c687782/pillow_avif_plugin-1.5.5-cp314-cp314-manylinux_2_28_x86_64.whl", hash = "sha256:0ac4ce64b66b0b6eb96484b6a9985d06f56a4b57f357f6cd1d040543f6bedf1a", size = 5512333, upload-time = "2026-01-22T20:32:54.996Z" },
    { url = "https://files.pythonhosted.org/packages/1a/07/dc7e99b5fb893e3fefebce79cc3c523b05c4f57f2f559e5763898af0f3f1/pillow_avif_plugin-1.5.5-cp314-cp314-musllinux_1_2_aarch64.whl", hash = "sha256:f102dec7f482b5ca999a923933e440a82bfd8ae2eb5893fe144ef8f47cf8d971", size = 4379122, upload-time = "2026-01-22T20:32:56.326Z" },
    { url = "https://files.pythonhosted.org/packages/3f/6f/8e0787885be7624e6b2b7abf271587ea31e8a7afb52ce2c279b98581ec67/pillow_avif_plugin-1.5.5-cp314-cp314-musllinux_1_2_x86_64.whl", hash = "sha256:e45fbda332affe999c250de21f4aca277b3fe6805c8fce182006e854e6b4de5c", size = 5759628, upload-time = "2026-01-22T20:32:57.978Z" },
    { url = "https://files.pythonhosted.org/packages/a8/59/f7829c6683b310308a9bae037293b5ca5844de91a93e4744996cafe74b29/pillow_avif_plugin-1.5.5-cp314-cp314-win_amd64.whl", hash = "sha256:a6c6c70dc227d2810ae1e51e39e6f1adccd310a284e1f788aeb54a52fb95c05b", size = 9959135, upload-time = "2026-01-22T20:32:59.956Z" },
    { url = "https://files.pythonhosted.org/packages/9b/7d/b4b1332cd8108f9f4c171506d582f083e6df2631923976bf768dc81b5a17/pillow_avif_plugin-1.5.5-cp314-cp314t-macosx_10_15_x86_64.whl", hash = "sha256:cff2d641b86a72c6767f19f0c5fdab54289d1fa9457bcacb19c030b620ca461e", size = 5098234, upload-time = "2026-01-22T20:33:01.701Z" },
    { url = "https://files.pythonhosted.org/packages/27/54/029a29d04e6269bdb25171d1646b23c1e2dad15c84fe5c0398c76790113c/pillow_avif_plugin-1.5.5-cp314-cp314t-macosx_11_0_arm64.whl", hash = "sha256:cf462e4f1463a942a77f7222b8bc4d51f0580aed49cedb36c7cfe35028a9f67b", size = 3818041, upload-time = "2026-01-22T20:33:03.616Z" },
    { url = "https://files.pythonhosted.org/packages/49/97/69fdcfe81628a1a636d92e779fc27a8bb84f036996f504090f03ca927424/pillow_avif_plugin-1.5.5-cp314-cp314t-manylinux2014_aarch64.manylinux_2_17_aarch64.whl", hash = "sha256:d410c8f7a8f570f93cbbeffcde22574cbf57bc8e5de8ccc973530a74f1aaeee2", size = 4050268, upload-time = "2026-01-22T20:33:05.428Z" },
    { url = "https://files.pythonhosted.org/packages/27/b7/42d45dade43b08d6656982b57abef929a1af82ffe1c794128734dbb670fe/pillow_avif_plugin-1.5.5-cp314-cp314t-manylinux2014_x86_64.manylinux_2_17_x86_64.whl", hash = "sha256:73d37914ad82bec6583c5df70dea5ccb4d2f5435ca3c48e50b1c5fff52c92d6e", size = 7691352, upload-time = "2026-01-22T20:33:06.982Z" },
    { url = "https://files.pythonhosted.org/packages/13/28/359ff8ea591f374170949392ec20b91de1bf1149e9cc9a8d060b7bb077e8/pillow_avif_plugin-1.5.5-cp314-cp314t-manylinux_2_28_aarch64.whl", hash = "sha256:9441006c3d242dfb7b54e9294a747b578f620446998a2384cfd2926cc0c0d107", size = 4064664, upload-time = "2026-01-22T20:33:09.977Z" },
    { url = "https://files.pythonhosted.org/packages/f3/08/c8abcff61c73e3c199fd19766b792c48bc41c35cab670c9e7ea6a4c207c4/pillow_avif_plugin-1.5.5-cp314-cp314t-manylinux_2_28_x86_64.whl", hash = "sha256:465f2aa24ed03d4ad5545ab4cd7627074c181cc0e96715419cd6c8fcff509779", size = 5516782, upload-time = "2026-01-22T20:33:11.38Z" },
    { url = "https://files.pythonhosted.org/packages/5f/24/7b6f75a48d2c2b8461b461bad834b2294277040f643a09ba7ce446a603f8/pillow_avif_plugin-1.5.5-cp314-cp314t-musllinux_1_2_aarch64.whl", hash = "sha256:0b04eac3d9f13f3fb1f147dbc39a54c186d16b8696b2b984880d01803995dbd5", size = 4383836, upload-time = "2026-01-22T20:33:12.96Z" },
    { url = "https://files.pythonhosted.org/packages/8f/72/c9b4e7c2d6216d85fadde8dc3d6074d70c2734ee5627065f4ca6403cadcf/pillow_avif_plugin-1.5.5-cp314-cp314t-musllinux_1_2_x86_64.whl", hash = "sha256:1bc75fe3ce1f369bb5068911625fca1430c63b62ae8d8c1ae85e4c839b4dd23c", size = 5763739, upload-time = "2026-01-22T20:33:14.338Z" },
    { url = "https://files.pythonhosted.org/packages/53/eb/27af95ea3db131f5ed17541c74b9a14c40bc33f68ff9a78e1696f0285565/pillow_avif_plugin-1.5.5-cp314-cp314t-win_amd64.whl", hash = "sha256:3ec51ff05f6d254b3d2ec2fd134040921959554b542a5f1dbb62ee49c29e51ed", size = 9959564, upload-time = "2026-01-22T20:33:15.936Z" },
]

[[package]]
name = "piosenka"
version = "0.1.0"
source = { editable = "." }
dependencies = [
    { name = "bleach" },
    { name = "bs4" },
    { name = "django" },
    { name = "django-compressor" },
    { name = "django-storages" },
    { name = "easy-thumbnails" },
    { name = "google-cloud-storage" },
    { name = "markdown" },
    { name = "markdown2" },
    { name = "pillow" },
    { name = "pillow-avif-plugin" },
    { name = "pyyaml" },
    { name = "unidecode" },
]

[package.metadata]
requires-dist = [
    { name = "bleach", specifier = "==5.0.1" },
    { name = "bs4", specifier = ">=0.0.2" },
    { name = "django", specifier = "==4.2.22" },
    { name = "django-compressor", specifier = "==4.4" },
    { name = "django-storages", specifier = "==1.14" },
    { name = "easy-thumbnails", specifier = "==2.8.5" },
    { name = "google-cloud-storage", specifier = "==2.7.0" },
    { name = "markdown", specifier = "==3.2.2" },
    { name = "markdown2", specifier = ">=2.5.3" },
    { name = "pillow", specifier = ">=11.0.0" },
    { name = "pillow-avif-plugin", specifier = ">=1.5.5" },
    { name = "pyyaml", specifier = ">=6.0.2" },
    { name = "unidecode", specifier = "==0.4.17" },
]

[[package]]
name = "proto-plus"
version = "1.26.1"
source = { registry = "https://pypi.org/simple" }
dependencies = [
    { name = "protobuf" },
]
sdist = { url = "https://files.pythonhosted.org/packages/f4/ac/87285f15f7cce6d4a008f33f1757fb5a13611ea8914eb58c3d0d26243468/proto_plus-1.26.1.tar.gz", hash = "sha256:21a515a4c4c0088a773899e23c7bbade3d18f9c66c73edd4c7ee3816bc96a012", size = 56142, upload-time = "2025-03-10T15:54:38.843Z" }
wheels = [
    { url = "https://files.pythonhosted.org/packages/4e/6d/280c4c2ce28b1593a19ad5239c8b826871fc6ec275c21afc8e1820108039/proto_plus-1.26.1-py3-none-any.whl", hash = "sha256:13285478c2dcf2abb829db158e1047e2f1e8d63a077d94263c2b88b043c75a66", size = 50163, upload-time = "2025-03-10T15:54:37.335Z" },
]

[[package]]
name = "protobuf"
version = "6.31.1"
source = { registry = "https://pypi.org/simple" }
sdist = { url = "https://files.pythonhosted.org/packages/52/f3/b9655a711b32c19720253f6f06326faf90580834e2e83f840472d752bc8b/protobuf-6.31.1.tar.gz", hash = "sha256:d8cac4c982f0b957a4dc73a80e2ea24fab08e679c0de9deb835f4a12d69aca9a", size = 441797, upload-time = "2025-05-28T19:25:54.947Z" }
wheels = [
    { url = "https://files.pythonhosted.org/packages/f3/6f/6ab8e4bf962fd5570d3deaa2d5c38f0a363f57b4501047b5ebeb83ab1125/protobuf-6.31.1-cp310-abi3-win32.whl", hash = "sha256:7fa17d5a29c2e04b7d90e5e32388b8bfd0e7107cd8e616feef7ed3fa6bdab5c9", size = 423603, upload-time = "2025-05-28T19:25:41.198Z" },
    { url = "https://files.pythonhosted.org/packages/44/3a/b15c4347dd4bf3a1b0ee882f384623e2063bb5cf9fa9d57990a4f7df2fb6/protobuf-6.31.1-cp310-abi3-win_amd64.whl", hash = "sha256:426f59d2964864a1a366254fa703b8632dcec0790d8862d30034d8245e1cd447", size = 435283, upload-time = "2025-05-28T19:25:44.275Z" },
    { url = "https://files.pythonhosted.org/packages/6a/c9/b9689a2a250264a84e66c46d8862ba788ee7a641cdca39bccf64f59284b7/protobuf-6.31.1-cp39-abi3-macosx_10_9_universal2.whl", hash = "sha256:6f1227473dc43d44ed644425268eb7c2e488ae245d51c6866d19fe158e207402", size = 425604, upload-time = "2025-05-28T19:25:45.702Z" },
    { url = "https://files.pythonhosted.org/packages/76/a1/7a5a94032c83375e4fe7e7f56e3976ea6ac90c5e85fac8576409e25c39c3/protobuf-6.31.1-cp39-abi3-manylinux2014_aarch64.whl", hash = "sha256:a40fc12b84c154884d7d4c4ebd675d5b3b5283e155f324049ae396b95ddebc39", size = 322115, upload-time = "2025-05-28T19:25:47.128Z" },
    { url = "https://files.pythonhosted.org/packages/fa/b1/b59d405d64d31999244643d88c45c8241c58f17cc887e73bcb90602327f8/protobuf-6.31.1-cp39-abi3-manylinux2014_x86_64.whl", hash = "sha256:4ee898bf66f7a8b0bd21bce523814e6fbd8c6add948045ce958b73af7e8878c6", size = 321070, upload-time = "2025-05-28T19:25:50.036Z" },
    { url = "https://files.pythonhosted.org/packages/f7/af/ab3c51ab7507a7325e98ffe691d9495ee3d3aa5f589afad65ec920d39821/protobuf-6.31.1-py3-none-any.whl", hash = "sha256:720a6c7e6b77288b85063569baae8536671b39f15cc22037ec7045658d80489e", size = 168724, upload-time = "2025-05-28T19:25:53.926Z" },
]

[[package]]
name = "pyasn1"
version = "0.6.1"
source = { registry = "https://pypi.org/simple" }
sdist = { url = "https://files.pythonhosted.org/packages/ba/e9/01f1a64245b89f039897cb0130016d79f77d52669aae6ee7b159a6c4c018/pyasn1-0.6.1.tar.gz", hash = "sha256:6f580d2bdd84365380830acf45550f2511469f673cb4a5ae3857a3170128b034", size = 145322, upload-time = "2024-09-10T22:41:42.55Z" }
wheels = [
    { url = "https://files.pythonhosted.org/packages/c8/f1/d6a797abb14f6283c0ddff96bbdd46937f64122b8c925cab503dd37f8214/pyasn1-0.6.1-py3-none-any.whl", hash = "sha256:0d632f46f2ba09143da3a8afe9e33fb6f92fa2320ab7e886e2d0f7672af84629", size = 83135, upload-time = "2024-09-11T16:00:36.122Z" },
]

[[package]]
name = "pyasn1-modules"
version = "0.4.2"
source = { registry = "https://pypi.org/simple" }
dependencies = [
    { name = "pyasn1" },
]
sdist = { url = "https://files.pythonhosted.org/packages/e9/e6/78ebbb10a8c8e4b61a59249394a4a594c1a7af95593dc933a349c8d00964/pyasn1_modules-0.4.2.tar.gz", hash = "sha256:677091de870a80aae844b1ca6134f54652fa2c8c5a52aa396440ac3106e941e6", size = 307892, upload-time = "2025-03-28T02:41:22.17Z" }
wheels = [
    { url = "https://files.pythonhosted.org/packages/47/8d/d529b5d697919ba8c11ad626e835d4039be708a35b0d22de83a269a6682c/pyasn1_modules-0.4.2-py3-none-any.whl", hash = "sha256:29253a9207ce32b64c3ac6600edc75368f98473906e8fd1043bd6b5b1de2c14a", size = 181259, upload-time = "2025-03-28T02:41:19.028Z" },
]

[[package]]
name = "pyyaml"
version = "6.0.2"
source = { registry = "https://pypi.org/simple" }
sdist = { url = "https://files.pythonhosted.org/packages/54/ed/79a089b6be93607fa5cdaedf301d7dfb23af5f25c398d5ead2525b063e17/pyyaml-6.0.2.tar.gz", hash = "sha256:d584d9ec91ad65861cc08d42e834324ef890a082e591037abe114850ff7bbc3e", size = 130631, upload-time = "2024-08-06T20:33:50.674Z" }

[[package]]
name = "rcssmin"
version = "1.1.1"
source = { registry = "https://pypi.org/simple" }
sdist = { url = "https://files.pythonhosted.org/packages/77/2b/c9b076bb97042a3e013684abc40cfd56a3c15d40291f51523b59824e5155/rcssmin-1.1.1.tar.gz", hash = "sha256:4f9400b4366d29f5f5446f58e78549afa8338e6a59740c73115e9f6ac413dc64", size = 582247, upload-time = "2022-07-31T21:08:53.882Z" }

[[package]]
name = "requests"
version = "2.32.4"
source = { registry = "https://pypi.org/simple" }
dependencies = [
    { name = "certifi" },
    { name = "charset-normalizer" },
    { name = "idna" },
    { name = "urllib3" },
]
sdist = { url = "https://files.pythonhosted.org/packages/e1/0a/929373653770d8a0d7ea76c37de6e41f11eb07559b103b1c02cafb3f7cf8/requests-2.32.4.tar.gz", hash = "sha256:27d0316682c8a29834d3264820024b62a36942083d52caf2f14c0591336d3422", size = 135258, upload-time = "2025-06-09T16:43:07.34Z" }
wheels = [
    { url = "https://files.pythonhosted.org/packages/7c/e4/56027c4a6b4ae70ca9de302488c5ca95ad4a39e190093d6c1a8ace08341b/requests-2.32.4-py3-none-any.whl", hash = "sha256:27babd3cda2a6d50b30443204ee89830707d396671944c998b5975b031ac2b2c", size = 64847, upload-time = "2025-06-09T16:43:05.728Z" },
]

[[package]]
name = "rjsmin"
version = "1.2.1"
source = { registry = "https://pypi.org/simple" }
sdist = { url = "https://files.pythonhosted.org/packages/8c/76/f0236a34a2c7f49f5b1f59f4b6fda769fc2bf7f90d0aac4cbebbb465646d/rjsmin-1.2.1.tar.gz", hash = "sha256:1f982be8e011438777a94307279b40134a3935fc0f079312ee299725b8af5411", size = 420696, upload-time = "2022-07-31T14:46:19.192Z" }

[[package]]
name = "rsa"
version = "4.9.1"
source = { registry = "https://pypi.org/simple" }
dependencies = [
    { name = "pyasn1" },
]
sdist = { url = "https://files.pythonhosted.org/packages/da/8a/22b7beea3ee0d44b1916c0c1cb0ee3af23b700b6da9f04991899d0c555d4/rsa-4.9.1.tar.gz", hash = "sha256:e7bdbfdb5497da4c07dfd35530e1a902659db6ff241e39d9953cad06ebd0ae75", size = 29034, upload-time = "2025-04-16T09:51:18.218Z" }
wheels = [
    { url = "https://files.pythonhosted.org/packages/64/8d/0133e4eb4beed9e425d9a98ed6e081a55d195481b7632472be1af08d2f6b/rsa-4.9.1-py3-none-any.whl", hash = "sha256:68635866661c6836b8d39430f97a996acbd61bfa49406748ea243539fe239762", size = 34696, upload-time = "2025-04-16T09:51:17.142Z" },
]

[[package]]
name = "six"
version = "1.17.0"
source = { registry = "https://pypi.org/simple" }
sdist = { url = "https://files.pythonhosted.org/packages/94/e7/b2c673351809dca68a0e064b6af791aa332cf192da575fd474ed7d6f16a2/six-1.17.0.tar.gz", hash = "sha256:ff70335d468e7eb6ec65b95b99d3a2836546063f63acc5171de367e834932a81", size = 34031, upload-time = "2024-12-04T17:35:28.174Z" }
wheels = [
    { url = "https://files.pythonhosted.org/packages/b7/ce/149a00dd41f10bc29e5921b496af8b574d8413afcd5e30dfa0ed46c2cc5e/six-1.17.0-py2.py3-none-any.whl", hash = "sha256:4721f391ed90541fddacab5acf947aa0d3dc7d27b2e1e8eda2be8970586c3274", size = 11050, upload-time = "2024-12-04T17:35:26.475Z" },
]

[[package]]
name = "soupsieve"
version = "2.7"
source = { registry = "https://pypi.org/simple" }
sdist = { url = "https://files.pythonhosted.org/packages/3f/f4/4a80cd6ef364b2e8b65b15816a843c0980f7a5a2b4dc701fc574952aa19f/soupsieve-2.7.tar.gz", hash = "sha256:ad282f9b6926286d2ead4750552c8a6142bc4c783fd66b0293547c8fe6ae126a", size = 103418, upload-time = "2025-04-20T18:50:08.518Z" }
wheels = [
    { url = "https://files.pythonhosted.org/packages/e7/9c/0e6afc12c269578be5c0c1c9f4b49a8d32770a080260c333ac04cc1c832d/soupsieve-2.7-py3-none-any.whl", hash = "sha256:6e60cc5c1ffaf1cebcc12e8188320b72071e922c2e897f737cadce79ad5d30c4", size = 36677, upload-time = "2025-04-20T18:50:07.196Z" },
]

[[package]]
name = "sqlparse"
version = "0.5.3"
source = { registry = "https://pypi.org/simple" }
sdist = { url = "https://files.pythonhosted.org/packages/e5/40/edede8dd6977b0d3da179a342c198ed100dd2aba4be081861ee5911e4da4/sqlparse-0.5.3.tar.gz", hash = "sha256:09f67787f56a0b16ecdbde1bfc7f5d9c3371ca683cfeaa8e6ff60b4807ec9272", size = 84999, upload-time = "2024-12-10T12:05:30.728Z" }
wheels = [
    { url = "https://files.pythonhosted.org/packages/a9/5c/bfd6bd0bf979426d405cc6e71eceb8701b148b16c21d2dc3c261efc61c7b/sqlparse-0.5.3-py3-none-any.whl", hash = "sha256:cf2196ed3418f3ba5de6af7e82c694a9fbdbfecccdfc72e281548517081f16ca", size = 44415, upload-time = "2024-12-10T12:05:27.824Z" },
]

[[package]]
name = "typing-extensions"
version = "4.14.1"
source = { registry = "https://pypi.org/simple" }
sdist = { url = "https://files.pythonhosted.org/packages/98/5a/da40306b885cc8c09109dc2e1abd358d5684b1425678151cdaed4731c822/typing_extensions-4.14.1.tar.gz", hash = "sha256:38b39f4aeeab64884ce9f74c94263ef78f3c22467c8724005483154c26648d36", size = 107673, upload-time = "2025-07-04T13:28:34.16Z" }
wheels = [
    { url = "https://files.pythonhosted.org/packages/b5/00/d631e67a838026495268c2f6884f3711a15a9a2a96cd244fdaea53b823fb/typing_extensions-4.14.1-py3-none-any.whl", hash = "sha256:d1e1e3b58374dc93031d6eda2420a48ea44a36c2b4766a4fdeb3710755731d76", size = 43906, upload-time = "2025-07-04T13:28:32.743Z" },
]

[[package]]
name = "tzdata"
version = "2025.2"
source = { registry = "https://pypi.org/simple" }
sdist = { url = "https://files.pythonhosted.org/packages/95/32/1a225d6164441be760d75c2c42e2780dc0873fe382da3e98a2e1e48361e5/tzdata-2025.2.tar.gz", hash = "sha256:b60a638fcc0daffadf82fe0f57e53d06bdec2f36c4df66280ae79bce6bd6f2b9", size = 196380, upload-time = "2025-03-23T13:54:43.652Z" }
wheels = [
    { url = "https://files.pythonhosted.org/packages/5c/23/c7abc0ca0a1526a0774eca151daeb8de62ec457e77262b66b359c3c7679e/tzdata-2025.2-py2.py3-none-any.whl", hash = "sha256:1a403fada01ff9221ca8044d701868fa132215d84beb92242d9acd2147f667a8", size = 347839, upload-time = "2025-03-23T13:54:41.845Z" },
]

[[package]]
name = "unidecode"
version = "0.4.17"
source = { registry = "https://pypi.org/simple" }
sdist = { url = "https://files.pythonhosted.org/packages/72/37/98cb40a22c2bfa83af71ad036253392e9afb6053068de6151399520a8460/Unidecode-0.04.17.tar.gz", hash = "sha256:f0f8d53d39877da4849293d548eecb5e79364b573643296869dbc7f5b86709ef", size = 201090, upload-time = "2014-12-18T14:32:11.39Z" }

[[package]]
name = "urllib3"
version = "2.5.0"
source = { registry = "https://pypi.org/simple" }
sdist = { url = "https://files.pythonhosted.org/packages/15/22/9ee70a2574a4f4599c47dd506532914ce044817c7752a79b6a51286319bc/urllib3-2.5.0.tar.gz", hash = "sha256:3fc47733c7e419d4bc3f6b3dc2b4f890bb743906a30d56ba4a5bfa4bbff92760", size = 393185, upload-time = "2025-06-18T14:07:41.644Z" }
wheels = [
    { url = "https://files.pythonhosted.org/packages/a7/c2/fe1e52489ae3122415c51f387e221dd0773709bad6c6cdaa599e8a2c5185/urllib3-2.5.0-py3-none-any.whl", hash = "sha256:e6b01673c0fa6a13e374b50871808eb3bf7046c4b125b216f6bf1cc604cff0dc", size = 129795, upload-time = "2025-06-18T14:07:40.39Z" },
]

[[package]]
name = "webencodings"
version = "0.5.1"
source = { registry = "https://pypi.org/simple" }
sdist = { url = "https://files.pythonhosted.org/packages/0b/02/ae6ceac1baeda530866a85075641cec12989bd8d31af6d5ab4a3e8c92f47/webencodings-0.5.1.tar.gz", hash = "sha256:b36a1c245f2d304965eb4e0a82848379241dc04b865afcc4aab16748587e1923", size = 9721, upload-time = "2017-04-05T20:21:34.189Z" }
wheels = [
    { url = "https://files.pythonhosted.org/packages/f4/24/2a3e3df732393fed8b3ebf2ec078f05546de641fe1b667ee316ec1dcf3b7/webencodings-0.5.1-py2.py3-none-any.whl", hash = "sha256:a0af1213f3c2226497a97e2b3aa01a7e4bee4f403f95be16fc9acd2947514a78", size = 11774, upload-time = "2017-04-05T20:21:32.581Z" },
]
